
Microsoft Visual Studio Solution File, Format Version 12.00
# Visual Studio 15
Project("{FAE04EC0-301F-11D3-BF4B-00C04F79EFBC}") = "Assembly-CSharp-Editor", "Assembly-CSharp-Editor.csproj", "{7CD0E8C1-AC0B-15DA-23BA-A8AA50E0047D}"
EndProject
Project("{FAE04EC0-301F-11D3-BF4B-00C04F79EFBC}") = "Assembly-CSharp", "Assembly-CSharp.csproj", "{0B54FF36-D1CA-8A8A-A21D-CF70E096EC4C}"
EndProject
Global
	GlobalSection(SolutionConfigurationPlatforms) = preSolution
		Debug|Any CPU = Debug|Any CPU
		Release|Any CPU = Release|Any CPU
	EndGlobalSection
	GlobalSection(ProjectConfigurationPlatforms) = postSolution
		{7CD0E8C1-AC0B-15DA-23BA-A8AA50E0047D}.Debug|Any CPU.ActiveCfg = Debug|Any CPU
		{7CD0E8C1-AC0B-15DA-23BA-A8AA50E0047D}.Debug|Any CPU.Build.0 = Debug|Any CPU
		{7CD0E8C1-AC0B-15DA-23BA-A8AA50E0047D}.Release|Any CPU.ActiveCfg = Release|Any CPU
		{7CD0E8C1-AC0B-15DA-23BA-A8AA50E0047D}.Release|Any CPU.Build.0 = Release|Any CPU
		{0B54FF36-D1CA-8A8A-A21D-CF70E096EC4C}.Debug|Any CPU.ActiveCfg = Debug|Any CPU
		{0B54FF36-D1CA-8A8A-A21D-CF70E096EC4C}.Debug|Any CPU.Build.0 = Debug|Any CPU
		{0B54FF36-D1CA-8A8A-A21D-CF70E096EC4C}.Release|Any CPU.ActiveCfg = Release|Any CPU
		{0B54FF36-D1CA-8A8A-A21D-CF70E096EC4C}.Release|Any CPU.Build.0 = Release|Any CPU
	EndGlobalSection
	GlobalSection(SolutionProperties) = preSolution
		HideSolutionNode = FALSE
	EndGlobalSection
EndGlobal
